
Microsoft Visual Studio Solution File, Format Version 12.00
# Visual Studio Version 18
VisualStudioVersion = 18.1.11312.151
MinimumVisualStudioVersion = 10.0.40219.1
Project("{FAE04EC0-301F-11D3-BF4B-00C04F79EFBC}") = "Philadelphus.Core.Domain.ExtensionSystem", "Philadelphus.Core.Domain.ExtensionSystem\Philadelphus.Core.Domain.ExtensionSystem.csproj", "{3E237804-472C-82EB-053F-020551B8CC3A}"
EndProject
Project("{FAE04EC0-301F-11D3-BF4B-00C04F79EFBC}") = "Philadelphus.Core.Domain", "Philadelphus.Core.Domain\Philadelphus.Core.Domain.csproj", "{53B08518-A3F4-57A0-334A-58C30F9D12D6}"
EndProject
Project("{2150E333-8FDC-42A3-9474-1A3956D46DE8}") = "Core", "Core", "{6558A576-9D1A-4AB4-AEEB-67817F483F92}"
EndProject
Project("{2150E333-8FDC-42A3-9474-1A3956D46DE8}") = "Infrastructure", "Infrastructure", "{A025AF26-72D2-4CA8-8D4D-2C8CE5775DC0}"
EndProject
Project("{2150E333-8FDC-42A3-9474-1A3956D46DE8}") = "Presentation", "Presentation", "{17750060-FDCC-46D1-A11C-63FE25B3834B}"
EndProject
Project("{FAE04EC0-301F-11D3-BF4B-00C04F79EFBC}") = "Philadelphus.Presentation", "Philadelphus.Presentation\Philadelphus.Presentation.csproj", "{FE0E528D-5117-4D5C-B708-1D7EDB12FCFC}"
EndProject
Project("{FAE04EC0-301F-11D3-BF4B-00C04F79EFBC}") = "Philadelphus.Presentation.Avalonia", "Philadelphus.Presentation.Avalonia\Philadelphus.Presentation.Avalonia.csproj", "{B9C5E1A4-7D62-4F38-AE91-3C0D5F2B6E84}"
EndProject
Project("{FAE04EC0-301F-11D3-BF4B-00C04F79EFBC}") = "Philadelphus.Infrastructure.Persistence", "Philadelphus.Infrastructure.Persistence\Philadelphus.Infrastructure.Persistence.csproj", "{1C7997D1-4C59-DC18-E7A9-F82D5113B6A7}"
EndProject
Project("{FAE04EC0-301F-11D3-BF4B-00C04F79EFBC}") = "Philadelphus.Infrastructure.Persistence.Json", "Philadelphus.Infrastructure.Persistence.Json\Philadelphus.Infrastructure.Persistence.Json.csproj", "{D4AF7CC0-2EEC-7BFC-7F0C-019EF831C64E}"
EndProject
Project("{FAE04EC0-301F-11D3-BF4B-00C04F79EFBC}") = "Philadelphus.Infrastructure.Persistence.EF.PostgreSQL", "Philadelphus.Infrastructure.Persistence.EF.PostgreSQL\Philadelphus.Infrastructure.Persistence.EF.PostgreSQL.csproj", "{747F8C4E-71DD-FE64-6236-4BBE6B7DD0A8}"
EndProject
Project("{FAE04EC0-301F-11D3-BF4B-00C04F79EFBC}") = "Philadelphus.Infrastructure.Persistence.ADO.MongoDB", "Philadelphus.Infrastructure.Persistence.ADO.MongoDB\Philadelphus.Infrastructure.Persistence.ADO.MongoDB.csproj", "{C0AC2C95-2309-A33E-3C76-FF7F163D2471}"
EndProject
Project("{FAE04EC0-301F-11D3-BF4B-00C04F79EFBC}") = "Philadelphus.Core.Application", "Philadelphus.Core.Application\Philadelphus.Core.Application.csproj", "{116217CC-79DD-4136-886A-8A08A7404A90}"
EndProject
Project("{2150E333-8FDC-42A3-9474-1A3956D46DE8}") = "Tests", "Tests", "{B262F083-816F-4B29-B740-9E87DA8359AF}"
EndProject
Project("{FAE04EC0-301F-11D3-BF4B-00C04F79EFBC}") = "Philadelphus.Infrastructure.Messaging.Kafka", "Philadelphus.Infrastructure.Messaging.Kafka\Philadelphus.Infrastructure.Messaging.Kafka.csproj", "{E22E7733-2A49-4B36-5264-D1D7E1F2D630}"
EndProject
Project("{FAE04EC0-301F-11D3-BF4B-00C04F79EFBC}") = "Philadelphus.Infrastructure.Persistence.EF", "Philadelphus.Infrastructure.Persistence.EF\Philadelphus.Infrastructure.Persistence.EF.csproj", "{DA1F6EFE-5D99-4D55-B45E-C19B5B589C1A}"
EndProject
Project("{FAE04EC0-301F-11D3-BF4B-00C04F79EFBC}") = "Philadelphus.Infrastructure.Persistence.EF.SQLite", "Philadelphus.Infrastructure.Persistence.EF.SQLite\Philadelphus.Infrastructure.Persistence.EF.SQLite.csproj", "{D220CF47-3C10-4C3C-9949-FCE5FFDCFC08}"
EndProject
Project("{FAE04EC0-301F-11D3-BF4B-00C04F79EFBC}") = "Philadelphus.Core.Domain.Reports", "Philadelphus.Core.Domain.Reports\Philadelphus.Core.Domain.Reports.csproj", "{F1FF4EB1-FCCC-4F9C-B88F-F1DF6C758B0C}"
EndProject
Project("{FAE04EC0-301F-11D3-BF4B-00C04F79EFBC}") = "Philadelphus.Core.Domain.TablesExport", "Philadelphus.Core.Domain.TablesExport\Philadelphus.Core.Domain.TablesExport.csproj", "{73ABA1F5-DA7B-43A0-B70B-E14FA3EAB7C5}"
EndProject
Project("{FAE04EC0-301F-11D3-BF4B-00C04F79EFBC}") = "Philadelphus.Infrastructure.Cache", "Philadelphus.Infrastructure.Cache\Philadelphus.Infrastructure.Cache.csproj", "{1C41512C-CD8A-4743-AF9C-DBDFDCFCFA0A}"
EndProject
Project("{FAE04EC0-301F-11D3-BF4B-00C04F79EFBC}") = "Philadelphus.Infrastructure.Cache.Redis", "Philadelphus.Infrastructure.Cache.Redis\Philadelphus.Infrastructure.Cache.Redis.csproj", "{7FA280D5-7E17-4821-A73E-0B80396AA0EB}"
EndProject
Project("{FAE04EC0-301F-11D3-BF4B-00C04F79EFBC}") = "Philadelphus.Tests.Common", "Philadelphus.Tests.Common\Philadelphus.Tests.Common.csproj", "{D7EEE3AF-7B61-48AF-A8EB-0103C2D1A866}"
EndProject
Project("{FAE04EC0-301F-11D3-BF4B-00C04F79EFBC}") = "Philadelphus.Tests.Presentation", "Philadelphus.Tests.Presentation\Philadelphus.Tests.Presentation.csproj", "{E33DFDDB-67A8-477C-B381-7A027CA1C1EF}"
EndProject
Project("{FAE04EC0-301F-11D3-BF4B-00C04F79EFBC}") = "Philadelphus.Tests.Domain", "Philadelphus.Tests.Domain\Philadelphus.Tests.Domain.csproj", "{27C97489-E22B-4568-AC5D-A1815F2585AC}"
EndProject
Project("{FAE04EC0-301F-11D3-BF4B-00C04F79EFBC}") = "Philadelphus.Core.Domain.ImportExport", "Philadelphus.Core.Domain.ImportExport\Philadelphus.Core.Domain.ImportExport.csproj", "{6B16126E-D52E-465C-B557-D4875D47C34B}"
EndProject
Project("{FAE04EC0-301F-11D3-BF4B-00C04F79EFBC}") = "Philadelphus.Infrastructure.ImportExport.Excel", "Philadelphus.Infrastructure.ImportExport.Excel\Philadelphus.Infrastructure.ImportExport.Excel.csproj", "{818BB436-D54B-4957-9226-D4C2BDEF617B}"
EndProject
Project("{FAE04EC0-301F-11D3-BF4B-00C04F79EFBC}") = "Philadelphus.Infrastructure.ImportExport.Phjson", "Philadelphus.Infrastructure.ImportExport.Phjson\Philadelphus.Infrastructure.ImportExport.Phjson.csproj", "{1FDC288F-F48C-47C4-B7ED-E0E30C07332D}"
EndProject
Project("{FAE04EC0-301F-11D3-BF4B-00C04F79EFBC}") = "Philadelphus.Core.Domain.FormulaEngine", "Philadelphus.Core.Domain.FormulaEngine\Philadelphus.Core.Domain.FormulaEngine.csproj", "{F76EB91B-334A-465C-AC53-E81A0290E07B}"
EndProject
Project("{FAE04EC0-301F-11D3-BF4B-00C04F79EFBC}") = "Philadelphus.Core.Domain.LeaveAttributeValues", "Philadelphus.Core.Domain.LeaveAttributeValues\Philadelphus.Core.Domain.LeaveAttributeValues.csproj", "{4D10CBE8-4B45-47D4-9B08-7C1BEBBA24C6}"
EndProject
Project("{FAE04EC0-301F-11D3-BF4B-00C04F79EFBC}") = "Philadelphus.Infrastructure.AssemblyAdapters", "Philadelphus.Infrastructure.AssemblyAdapters\Philadelphus.Infrastructure.AssemblyAdapters.csproj", "{37F9F8CC-725B-4E20-B4A4-51C095095F6D}"
EndProject
Project("{FAE04EC0-301F-11D3-BF4B-00C04F79EFBC}") = "Philadelphus.Infrastructure.AssemblyAdapters.CSharp", "Philadelphus.Infrastructure.AssemblyAdapters.CSharp\Philadelphus.Infrastructure.AssemblyAdapters.CSharp.csproj", "{D3E4BB17-7F25-485B-B8DF-A394BA6FFE7D}"
EndProject
Project("{FAE04EC0-301F-11D3-BF4B-00C04F79EFBC}") = "Philadelphus.Infrastructure.AssemblyAdapters.Python", "Philadelphus.Infrastructure.AssemblyAdapters.Python\Philadelphus.Infrastructure.AssemblyAdapters.Python.csproj", "{F81DA2CF-0944-48F2-8118-18455D442F9B}"
EndProject
Project("{FAE04EC0-301F-11D3-BF4B-00C04F79EFBC}") = "Philadelphus.Infrastructure.AssemblyAdapters.JavaScript", "Philadelphus.Infrastructure.AssemblyAdapters.JavaScript\Philadelphus.Infrastructure.AssemblyAdapters.JavaScript.csproj", "{5176E5A1-DAFE-4F15-AE69-6082F86BF5BC}"
EndProject
Project("{FAE04EC0-301F-11D3-BF4B-00C04F79EFBC}") = "Philadelphus.Core.Domain.Identity", "Philadelphus.Core.Domain.Identity\Philadelphus.Core.Domain.Identity.csproj", "{BFEFEE6A-71CD-46E7-A379-CEC9F212C13F}"
EndProject
Project("{FAE04EC0-301F-11D3-BF4B-00C04F79EFBC}") = "Philadelphus.Core.Domain.Relations", "Philadelphus.Core.Domain.Relations\Philadelphus.Core.Domain.Relations.csproj", "{E201500E-C89D-4731-8FB9-560874A7B29F}"
EndProject
Global
	GlobalSection(SolutionConfigurationPlatforms) = preSolution
		Debug|Any CPU = Debug|Any CPU
		Debug|x64 = Debug|x64
		Debug|x86 = Debug|x86
		Release|Any CPU = Release|Any CPU
		Release|x64 = Release|x64
		Release|x86 = Release|x86
	EndGlobalSection
	GlobalSection(ProjectConfigurationPlatforms) = postSolution
		{3E237804-472C-82EB-053F-020551B8CC3A}.Debug|Any CPU.ActiveCfg = Debug|Any CPU
		{3E237804-472C-82EB-053F-020551B8CC3A}.Debug|Any CPU.Build.0 = Debug|Any CPU
		{3E237804-472C-82EB-053F-020551B8CC3A}.Debug|x64.ActiveCfg = Debug|Any CPU
		{3E237804-472C-82EB-053F-020551B8CC3A}.Debug|x64.Build.0 = Debug|Any CPU
		{3E237804-472C-82EB-053F-020551B8CC3A}.Debug|x86.ActiveCfg = Debug|Any CPU
		{3E237804-472C-82EB-053F-020551B8CC3A}.Debug|x86.Build.0 = Debug|Any CPU
		{3E237804-472C-82EB-053F-020551B8CC3A}.Release|Any CPU.ActiveCfg = Release|Any CPU
		{3E237804-472C-82EB-053F-020551B8CC3A}.Release|Any CPU.Build.0 = Release|Any CPU
		{3E237804-472C-82EB-053F-020551B8CC3A}.Release|x64.ActiveCfg = Release|Any CPU
		{3E237804-472C-82EB-053F-020551B8CC3A}.Release|x64.Build.0 = Release|Any CPU
		{3E237804-472C-82EB-053F-020551B8CC3A}.Release|x86.ActiveCfg = Release|Any CPU
		{3E237804-472C-82EB-053F-020551B8CC3A}.Release|x86.Build.0 = Release|Any CPU
		{53B08518-A3F4-57A0-334A-58C30F9D12D6}.Debug|Any CPU.ActiveCfg = Debug|Any CPU
		{53B08518-A3F4-57A0-334A-58C30F9D12D6}.Debug|Any CPU.Build.0 = Debug|Any CPU
		{53B08518-A3F4-57A0-334A-58C30F9D12D6}.Debug|x64.ActiveCfg = Debug|Any CPU
		{53B08518-A3F4-57A0-334A-58C30F9D12D6}.Debug|x64.Build.0 = Debug|Any CPU
		{53B08518-A3F4-57A0-334A-58C30F9D12D6}.Debug|x86.ActiveCfg = Debug|Any CPU
		{53B08518-A3F4-57A0-334A-58C30F9D12D6}.Debug|x86.Build.0 = Debug|Any CPU
		{53B08518-A3F4-57A0-334A-58C30F9D12D6}.Release|Any CPU.ActiveCfg = Release|Any CPU
		{53B08518-A3F4-57A0-334A-58C30F9D12D6}.Release|Any CPU.Build.0 = Release|Any CPU
		{53B08518-A3F4-57A0-334A-58C30F9D12D6}.Release|x64.ActiveCfg = Release|Any CPU
		{53B08518-A3F4-57A0-334A-58C30F9D12D6}.Release|x64.Build.0 = Release|Any CPU
		{53B08518-A3F4-57A0-334A-58C30F9D12D6}.Release|x86.ActiveCfg = Release|Any CPU
		{53B08518-A3F4-57A0-334A-58C30F9D12D6}.Release|x86.Build.0 = Release|Any CPU
		{FE0E528D-5117-4D5C-B708-1D7EDB12FCFC}.Debug|Any CPU.ActiveCfg = Debug|Any CPU
		{FE0E528D-5117-4D5C-B708-1D7EDB12FCFC}.Debug|Any CPU.Build.0 = Debug|Any CPU
		{FE0E528D-5117-4D5C-B708-1D7EDB12FCFC}.Debug|x64.ActiveCfg = Debug|Any CPU
		{FE0E528D-5117-4D5C-B708-1D7EDB12FCFC}.Debug|x64.Build.0 = Debug|Any CPU
		{FE0E528D-5117-4D5C-B708-1D7EDB12FCFC}.Debug|x86.ActiveCfg = Debug|Any CPU
		{FE0E528D-5117-4D5C-B708-1D7EDB12FCFC}.Debug|x86.Build.0 = Debug|Any CPU
		{FE0E528D-5117-4D5C-B708-1D7EDB12FCFC}.Release|Any CPU.ActiveCfg = Release|Any CPU
		{FE0E528D-5117-4D5C-B708-1D7EDB12FCFC}.Release|Any CPU.Build.0 = Release|Any CPU
		{FE0E528D-5117-4D5C-B708-1D7EDB12FCFC}.Release|x64.ActiveCfg = Release|Any CPU
		{FE0E528D-5117-4D5C-B708-1D7EDB12FCFC}.Release|x64.Build.0 = Release|Any CPU
		{FE0E528D-5117-4D5C-B708-1D7EDB12FCFC}.Release|x86.ActiveCfg = Release|Any CPU
		{FE0E528D-5117-4D5C-B708-1D7EDB12FCFC}.Release|x86.Build.0 = Release|Any CPU
		{B9C5E1A4-7D62-4F38-AE91-3C0D5F2B6E84}.Debug|Any CPU.ActiveCfg = Debug|Any CPU
		{B9C5E1A4-7D62-4F38-AE91-3C0D5F2B6E84}.Debug|Any CPU.Build.0 = Debug|Any CPU
		{B9C5E1A4-7D62-4F38-AE91-3C0D5F2B6E84}.Debug|x64.ActiveCfg = Debug|Any CPU
		{B9C5E1A4-7D62-4F38-AE91-3C0D5F2B6E84}.Debug|x64.Build.0 = Debug|Any CPU
		{B9C5E1A4-7D62-4F38-AE91-3C0D5F2B6E84}.Debug|x86.ActiveCfg = Debug|Any CPU
		{B9C5E1A4-7D62-4F38-AE91-3C0D5F2B6E84}.Debug|x86.Build.0 = Debug|Any CPU
		{B9C5E1A4-7D62-4F38-AE91-3C0D5F2B6E84}.Release|Any CPU.ActiveCfg = Release|Any CPU
		{B9C5E1A4-7D62-4F38-AE91-3C0D5F2B6E84}.Release|Any CPU.Build.0 = Release|Any CPU
		{B9C5E1A4-7D62-4F38-AE91-3C0D5F2B6E84}.Release|x64.ActiveCfg = Release|Any CPU
		{B9C5E1A4-7D62-4F38-AE91-3C0D5F2B6E84}.Release|x64.Build.0 = Release|Any CPU
		{B9C5E1A4-7D62-4F38-AE91-3C0D5F2B6E84}.Release|x86.ActiveCfg = Release|Any CPU
		{B9C5E1A4-7D62-4F38-AE91-3C0D5F2B6E84}.Release|x86.Build.0 = Release|Any CPU
		{1C7997D1-4C59-DC18-E7A9-F82D5113B6A7}.Debug|Any CPU.ActiveCfg = Debug|Any CPU
		{1C7997D1-4C59-DC18-E7A9-F82D5113B6A7}.Debug|Any CPU.Build.0 = Debug|Any CPU
		{1C7997D1-4C59-DC18-E7A9-F82D5113B6A7}.Debug|x64.ActiveCfg = Debug|Any CPU
		{1C7997D1-4C59-DC18-E7A9-F82D5113B6A7}.Debug|x64.Build.0 = Debug|Any CPU
		{1C7997D1-4C59-DC18-E7A9-F82D5113B6A7}.Debug|x86.ActiveCfg = Debug|Any CPU
		{1C7997D1-4C59-DC18-E7A9-F82D5113B6A7}.Debug|x86.Build.0 = Debug|Any CPU
		{1C7997D1-4C59-DC18-E7A9-F82D5113B6A7}.Release|Any CPU.ActiveCfg = Release|Any CPU
		{1C7997D1-4C59-DC18-E7A9-F82D5113B6A7}.Release|Any CPU.Build.0 = Release|Any CPU
		{1C7997D1-4C59-DC18-E7A9-F82D5113B6A7}.Release|x64.ActiveCfg = Release|Any CPU
		{1C7997D1-4C59-DC18-E7A9-F82D5113B6A7}.Release|x64.Build.0 = Release|Any CPU
		{1C7997D1-4C59-DC18-E7A9-F82D5113B6A7}.Release|x86.ActiveCfg = Release|Any CPU
		{1C7997D1-4C59-DC18-E7A9-F82D5113B6A7}.Release|x86.Build.0 = Release|Any CPU
		{D4AF7CC0-2EEC-7BFC-7F0C-019EF831C64E}.Debug|Any CPU.ActiveCfg = Debug|Any CPU
		{D4AF7CC0-2EEC-7BFC-7F0C-019EF831C64E}.Debug|Any CPU.Build.0 = Debug|Any CPU
		{D4AF7CC0-2EEC-7BFC-7F0C-019EF831C64E}.Debug|x64.ActiveCfg = Debug|Any CPU
		{D4AF7CC0-2EEC-7BFC-7F0C-019EF831C64E}.Debug|x64.Build.0 = Debug|Any CPU
		{D4AF7CC0-2EEC-7BFC-7F0C-019EF831C64E}.Debug|x86.ActiveCfg = Debug|Any CPU
		{D4AF7CC0-2EEC-7BFC-7F0C-019EF831C64E}.Debug|x86.Build.0 = Debug|Any CPU
		{D4AF7CC0-2EEC-7BFC-7F0C-019EF831C64E}.Release|Any CPU.ActiveCfg = Release|Any CPU
		{D4AF7CC0-2EEC-7BFC-7F0C-019EF831C64E}.Release|Any CPU.Build.0 = Release|Any CPU
		{D4AF7CC0-2EEC-7BFC-7F0C-019EF831C64E}.Release|x64.ActiveCfg = Release|Any CPU
		{D4AF7CC0-2EEC-7BFC-7F0C-019EF831C64E}.Release|x64.Build.0 = Release|Any CPU
		{D4AF7CC0-2EEC-7BFC-7F0C-019EF831C64E}.Release|x86.ActiveCfg = Release|Any CPU
		{D4AF7CC0-2EEC-7BFC-7F0C-019EF831C64E}.Release|x86.Build.0 = Release|Any CPU
		{747F8C4E-71DD-FE64-6236-4BBE6B7DD0A8}.Debug|Any CPU.ActiveCfg = Debug|Any CPU
		{747F8C4E-71DD-FE64-6236-4BBE6B7DD0A8}.Debug|Any CPU.Build.0 = Debug|Any CPU
		{747F8C4E-71DD-FE64-6236-4BBE6B7DD0A8}.Debug|x64.ActiveCfg = Debug|Any CPU
		{747F8C4E-71DD-FE64-6236-4BBE6B7DD0A8}.Debug|x64.Build.0 = Debug|Any CPU
		{747F8C4E-71DD-FE64-6236-4BBE6B7DD0A8}.Debug|x86.ActiveCfg = Debug|Any CPU
		{747F8C4E-71DD-FE64-6236-4BBE6B7DD0A8}.Debug|x86.Build.0 = Debug|Any CPU
		{747F8C4E-71DD-FE64-6236-4BBE6B7DD0A8}.Release|Any CPU.ActiveCfg = Release|Any CPU
		{747F8C4E-71DD-FE64-6236-4BBE6B7DD0A8}.Release|Any CPU.Build.0 = Release|Any CPU
		{747F8C4E-71DD-FE64-6236-4BBE6B7DD0A8}.Release|x64.ActiveCfg = Release|Any CPU
		{747F8C4E-71DD-FE64-6236-4BBE6B7DD0A8}.Release|x64.Build.0 = Release|Any CPU
		{747F8C4E-71DD-FE64-6236-4BBE6B7DD0A8}.Release|x86.ActiveCfg = Release|Any CPU
		{747F8C4E-71DD-FE64-6236-4BBE6B7DD0A8}.Release|x86.Build.0 = Release|Any CPU
		{C0AC2C95-2309-A33E-3C76-FF7F163D2471}.Debug|Any CPU.ActiveCfg = Debug|Any CPU
		{C0AC2C95-2309-A33E-3C76-FF7F163D2471}.Debug|Any CPU.Build.0 = Debug|Any CPU
		{C0AC2C95-2309-A33E-3C76-FF7F163D2471}.Debug|x64.ActiveCfg = Debug|Any CPU
		{C0AC2C95-2309-A33E-3C76-FF7F163D2471}.Debug|x64.Build.0 = Debug|Any CPU
		{C0AC2C95-2309-A33E-3C76-FF7F163D2471}.Debug|x86.ActiveCfg = Debug|Any CPU
		{C0AC2C95-2309-A33E-3C76-FF7F163D2471}.Debug|x86.Build.0 = Debug|Any CPU
		{C0AC2C95-2309-A33E-3C76-FF7F163D2471}.Release|Any CPU.ActiveCfg = Release|Any CPU
		{C0AC2C95-2309-A33E-3C76-FF7F163D2471}.Release|Any CPU.Build.0 = Release|Any CPU
		{C0AC2C95-2309-A33E-3C76-FF7F163D2471}.Release|x64.ActiveCfg = Release|Any CPU
		{C0AC2C95-2309-A33E-3C76-FF7F163D2471}.Release|x64.Build.0 = Release|Any CPU
		{C0AC2C95-2309-A33E-3C76-FF7F163D2471}.Release|x86.ActiveCfg = Release|Any CPU
		{C0AC2C95-2309-A33E-3C76-FF7F163D2471}.Release|x86.Build.0 = Release|Any CPU
		{116217CC-79DD-4136-886A-8A08A7404A90}.Debug|Any CPU.ActiveCfg = Debug|Any CPU
		{116217CC-79DD-4136-886A-8A08A7404A90}.Debug|Any CPU.Build.0 = Debug|Any CPU
		{116217CC-79DD-4136-886A-8A08A7404A90}.Debug|x64.ActiveCfg = Debug|Any CPU
		{116217CC-79DD-4136-886A-8A08A7404A90}.Debug|x64.Build.0 = Debug|Any CPU
		{116217CC-79DD-4136-886A-8A08A7404A90}.Debug|x86.ActiveCfg = Debug|Any CPU
		{116217CC-79DD-4136-886A-8A08A7404A90}.Debug|x86.Build.0 = Debug|Any CPU
		{116217CC-79DD-4136-886A-8A08A7404A90}.Release|Any CPU.ActiveCfg = Release|Any CPU
		{116217CC-79DD-4136-886A-8A08A7404A90}.Release|Any CPU.Build.0 = Release|Any CPU
		{116217CC-79DD-4136-886A-8A08A7404A90}.Release|x64.ActiveCfg = Release|Any CPU
		{116217CC-79DD-4136-886A-8A08A7404A90}.Release|x64.Build.0 = Release|Any CPU
		{116217CC-79DD-4136-886A-8A08A7404A90}.Release|x86.ActiveCfg = Release|Any CPU
		{116217CC-79DD-4136-886A-8A08A7404A90}.Release|x86.Build.0 = Release|Any CPU
		{E22E7733-2A49-4B36-5264-D1D7E1F2D630}.Debug|Any CPU.ActiveCfg = Debug|Any CPU
		{E22E7733-2A49-4B36-5264-D1D7E1F2D630}.Debug|Any CPU.Build.0 = Debug|Any CPU
		{E22E7733-2A49-4B36-5264-D1D7E1F2D630}.Debug|x64.ActiveCfg = Debug|Any CPU
		{E22E7733-2A49-4B36-5264-D1D7E1F2D630}.Debug|x64.Build.0 = Debug|Any CPU
		{E22E7733-2A49-4B36-5264-D1D7E1F2D630}.Debug|x86.ActiveCfg = Debug|Any CPU
		{E22E7733-2A49-4B36-5264-D1D7E1F2D630}.Debug|x86.Build.0 = Debug|Any CPU
		{E22E7733-2A49-4B36-5264-D1D7E1F2D630}.Release|Any CPU.ActiveCfg = Release|Any CPU
		{E22E7733-2A49-4B36-5264-D1D7E1F2D630}.Release|Any CPU.Build.0 = Release|Any CPU
		{E22E7733-2A49-4B36-5264-D1D7E1F2D630}.Release|x64.ActiveCfg = Release|Any CPU
		{E22E7733-2A49-4B36-5264-D1D7E1F2D630}.Release|x64.Build.0 = Release|Any CPU
		{E22E7733-2A49-4B36-5264-D1D7E1F2D630}.Release|x86.ActiveCfg = Release|Any CPU
		{E22E7733-2A49-4B36-5264-D1D7E1F2D630}.Release|x86.Build.0 = Release|Any CPU
		{DA1F6EFE-5D99-4D55-B45E-C19B5B589C1A}.Debug|Any CPU.ActiveCfg = Debug|Any CPU
		{DA1F6EFE-5D99-4D55-B45E-C19B5B589C1A}.Debug|Any CPU.Build.0 = Debug|Any CPU
		{DA1F6EFE-5D99-4D55-B45E-C19B5B589C1A}.Debug|x64.ActiveCfg = Debug|Any CPU
		{DA1F6EFE-5D99-4D55-B45E-C19B5B589C1A}.Debug|x64.Build.0 = Debug|Any CPU
		{DA1F6EFE-5D99-4D55-B45E-C19B5B589C1A}.Debug|x86.ActiveCfg = Debug|Any CPU
		{DA1F6EFE-5D99-4D55-B45E-C19B5B589C1A}.Debug|x86.Build.0 = Debug|Any CPU
		{DA1F6EFE-5D99-4D55-B45E-C19B5B589C1A}.Release|Any CPU.ActiveCfg = Release|Any CPU
		{DA1F6EFE-5D99-4D55-B45E-C19B5B589C1A}.Release|Any CPU.Build.0 = Release|Any CPU
		{DA1F6EFE-5D99-4D55-B45E-C19B5B589C1A}.Release|x64.ActiveCfg = Release|Any CPU
		{DA1F6EFE-5D99-4D55-B45E-C19B5B589C1A}.Release|x64.Build.0 = Release|Any CPU
		{DA1F6EFE-5D99-4D55-B45E-C19B5B589C1A}.Release|x86.ActiveCfg = Release|Any CPU
		{DA1F6EFE-5D99-4D55-B45E-C19B5B589C1A}.Release|x86.Build.0 = Release|Any CPU
		{D220CF47-3C10-4C3C-9949-FCE5FFDCFC08}.Debug|Any CPU.ActiveCfg = Debug|Any CPU
		{D220CF47-3C10-4C3C-9949-FCE5FFDCFC08}.Debug|Any CPU.Build.0 = Debug|Any CPU
		{D220CF47-3C10-4C3C-9949-FCE5FFDCFC08}.Debug|x64.ActiveCfg = Debug|Any CPU
		{D220CF47-3C10-4C3C-9949-FCE5FFDCFC08}.Debug|x64.Build.0 = Debug|Any CPU
		{D220CF47-3C10-4C3C-9949-FCE5FFDCFC08}.Debug|x86.ActiveCfg = Debug|Any CPU
		{D220CF47-3C10-4C3C-9949-FCE5FFDCFC08}.Debug|x86.Build.0 = Debug|Any CPU
		{D220CF47-3C10-4C3C-9949-FCE5FFDCFC08}.Release|Any CPU.ActiveCfg = Release|Any CPU
		{D220CF47-3C10-4C3C-9949-FCE5FFDCFC08}.Release|Any CPU.Build.0 = Release|Any CPU
		{D220CF47-3C10-4C3C-9949-FCE5FFDCFC08}.Release|x64.ActiveCfg = Release|Any CPU
		{D220CF47-3C10-4C3C-9949-FCE5FFDCFC08}.Release|x64.Build.0 = Release|Any CPU
		{D220CF47-3C10-4C3C-9949-FCE5FFDCFC08}.Release|x86.ActiveCfg = Release|Any CPU
		{D220CF47-3C10-4C3C-9949-FCE5FFDCFC08}.Release|x86.Build.0 = Release|Any CPU
		{F1FF4EB1-FCCC-4F9C-B88F-F1DF6C758B0C}.Debug|Any CPU.ActiveCfg = Debug|Any CPU
		{F1FF4EB1-FCCC-4F9C-B88F-F1DF6C758B0C}.Debug|Any CPU.Build.0 = Debug|Any CPU
		{F1FF4EB1-FCCC-4F9C-B88F-F1DF6C758B0C}.Debug|x64.ActiveCfg = Debug|Any CPU
		{F1FF4EB1-FCCC-4F9C-B88F-F1DF6C758B0C}.Debug|x64.Build.0 = Debug|Any CPU
		{F1FF4EB1-FCCC-4F9C-B88F-F1DF6C758B0C}.Debug|x86.ActiveCfg = Debug|Any CPU
		{F1FF4EB1-FCCC-4F9C-B88F-F1DF6C758B0C}.Debug|x86.Build.0 = Debug|Any CPU
		{F1FF4EB1-FCCC-4F9C-B88F-F1DF6C758B0C}.Release|Any CPU.ActiveCfg = Release|Any CPU
		{F1FF4EB1-FCCC-4F9C-B88F-F1DF6C758B0C}.Release|Any CPU.Build.0 = Release|Any CPU
		{F1FF4EB1-FCCC-4F9C-B88F-F1DF6C758B0C}.Release|x64.ActiveCfg = Release|Any CPU
		{F1FF4EB1-FCCC-4F9C-B88F-F1DF6C758B0C}.Release|x64.Build.0 = Release|Any CPU
		{F1FF4EB1-FCCC-4F9C-B88F-F1DF6C758B0C}.Release|x86.ActiveCfg = Release|Any CPU
		{F1FF4EB1-FCCC-4F9C-B88F-F1DF6C758B0C}.Release|x86.Build.0 = Release|Any CPU
		{73ABA1F5-DA7B-43A0-B70B-E14FA3EAB7C5}.Debug|Any CPU.ActiveCfg = Debug|Any CPU
		{73ABA1F5-DA7B-43A0-B70B-E14FA3EAB7C5}.Debug|Any CPU.Build.0 = Debug|Any CPU
		{73ABA1F5-DA7B-43A0-B70B-E14FA3EAB7C5}.Debug|x64.ActiveCfg = Debug|Any CPU
		{73ABA1F5-DA7B-43A0-B70B-E14FA3EAB7C5}.Debug|x64.Build.0 = Debug|Any CPU
		{73ABA1F5-DA7B-43A0-B70B-E14FA3EAB7C5}.Debug|x86.ActiveCfg = Debug|Any CPU
		{73ABA1F5-DA7B-43A0-B70B-E14FA3EAB7C5}.Debug|x86.Build.0 = Debug|Any CPU
		{73ABA1F5-DA7B-43A0-B70B-E14FA3EAB7C5}.Release|Any CPU.ActiveCfg = Release|Any CPU
		{73ABA1F5-DA7B-43A0-B70B-E14FA3EAB7C5}.Release|Any CPU.Build.0 = Release|Any CPU
		{73ABA1F5-DA7B-43A0-B70B-E14FA3EAB7C5}.Release|x64.ActiveCfg = Release|Any CPU
		{73ABA1F5-DA7B-43A0-B70B-E14FA3EAB7C5}.Release|x64.Build.0 = Release|Any CPU
		{73ABA1F5-DA7B-43A0-B70B-E14FA3EAB7C5}.Release|x86.ActiveCfg = Release|Any CPU
		{73ABA1F5-DA7B-43A0-B70B-E14FA3EAB7C5}.Release|x86.Build.0 = Release|Any CPU
		{1C41512C-CD8A-4743-AF9C-DBDFDCFCFA0A}.Debug|Any CPU.ActiveCfg = Debug|Any CPU
		{1C41512C-CD8A-4743-AF9C-DBDFDCFCFA0A}.Debug|Any CPU.Build.0 = Debug|Any CPU
		{1C41512C-CD8A-4743-AF9C-DBDFDCFCFA0A}.Debug|x64.ActiveCfg = Debug|Any CPU
		{1C41512C-CD8A-4743-AF9C-DBDFDCFCFA0A}.Debug|x64.Build.0 = Debug|Any CPU
		{1C41512C-CD8A-4743-AF9C-DBDFDCFCFA0A}.Debug|x86.ActiveCfg = Debug|Any CPU
		{1C41512C-CD8A-4743-AF9C-DBDFDCFCFA0A}.Debug|x86.Build.0 = Debug|Any CPU
		{1C41512C-CD8A-4743-AF9C-DBDFDCFCFA0A}.Release|Any CPU.ActiveCfg = Release|Any CPU
		{1C41512C-CD8A-4743-AF9C-DBDFDCFCFA0A}.Release|Any CPU.Build.0 = Release|Any CPU
		{1C41512C-CD8A-4743-AF9C-DBDFDCFCFA0A}.Release|x64.ActiveCfg = Release|Any CPU
		{1C41512C-CD8A-4743-AF9C-DBDFDCFCFA0A}.Release|x64.Build.0 = Release|Any CPU
		{1C41512C-CD8A-4743-AF9C-DBDFDCFCFA0A}.Release|x86.ActiveCfg = Release|Any CPU
		{1C41512C-CD8A-4743-AF9C-DBDFDCFCFA0A}.Release|x86.Build.0 = Release|Any CPU
		{7FA280D5-7E17-4821-A73E-0B80396AA0EB}.Debug|Any CPU.ActiveCfg = Debug|Any CPU
		{7FA280D5-7E17-4821-A73E-0B80396AA0EB}.Debug|Any CPU.Build.0 = Debug|Any CPU
		{7FA280D5-7E17-4821-A73E-0B80396AA0EB}.Debug|x64.ActiveCfg = Debug|Any CPU
		{7FA280D5-7E17-4821-A73E-0B80396AA0EB}.Debug|x64.Build.0 = Debug|Any CPU
		{7FA280D5-7E17-4821-A73E-0B80396AA0EB}.Debug|x86.ActiveCfg = Debug|Any CPU
		{7FA280D5-7E17-4821-A73E-0B80396AA0EB}.Debug|x86.Build.0 = Debug|Any CPU
		{7FA280D5-7E17-4821-A73E-0B80396AA0EB}.Release|Any CPU.ActiveCfg = Release|Any CPU
		{7FA280D5-7E17-4821-A73E-0B80396AA0EB}.Release|Any CPU.Build.0 = Release|Any CPU
		{7FA280D5-7E17-4821-A73E-0B80396AA0EB}.Release|x64.ActiveCfg = Release|Any CPU
		{7FA280D5-7E17-4821-A73E-0B80396AA0EB}.Release|x64.Build.0 = Release|Any CPU
		{7FA280D5-7E17-4821-A73E-0B80396AA0EB}.Release|x86.ActiveCfg = Release|Any CPU
		{7FA280D5-7E17-4821-A73E-0B80396AA0EB}.Release|x86.Build.0 = Release|Any CPU
		{D7EEE3AF-7B61-48AF-A8EB-0103C2D1A866}.Debug|Any CPU.ActiveCfg = Debug|Any CPU
		{D7EEE3AF-7B61-48AF-A8EB-0103C2D1A866}.Debug|Any CPU.Build.0 = Debug|Any CPU
		{D7EEE3AF-7B61-48AF-A8EB-0103C2D1A866}.Debug|x64.ActiveCfg = Debug|Any CPU
		{D7EEE3AF-7B61-48AF-A8EB-0103C2D1A866}.Debug|x64.Build.0 = Debug|Any CPU
		{D7EEE3AF-7B61-48AF-A8EB-0103C2D1A866}.Debug|x86.ActiveCfg = Debug|Any CPU
		{D7EEE3AF-7B61-48AF-A8EB-0103C2D1A866}.Debug|x86.Build.0 = Debug|Any CPU
		{D7EEE3AF-7B61-48AF-A8EB-0103C2D1A866}.Release|Any CPU.ActiveCfg = Release|Any CPU
		{D7EEE3AF-7B61-48AF-A8EB-0103C2D1A866}.Release|Any CPU.Build.0 = Release|Any CPU
		{D7EEE3AF-7B61-48AF-A8EB-0103C2D1A866}.Release|x64.ActiveCfg = Release|Any CPU
		{D7EEE3AF-7B61-48AF-A8EB-0103C2D1A866}.Release|x64.Build.0 = Release|Any CPU
		{D7EEE3AF-7B61-48AF-A8EB-0103C2D1A866}.Release|x86.ActiveCfg = Release|Any CPU
		{D7EEE3AF-7B61-48AF-A8EB-0103C2D1A866}.Release|x86.Build.0 = Release|Any CPU
		{E33DFDDB-67A8-477C-B381-7A027CA1C1EF}.Debug|Any CPU.ActiveCfg = Debug|Any CPU
		{E33DFDDB-67A8-477C-B381-7A027CA1C1EF}.Debug|Any CPU.Build.0 = Debug|Any CPU
		{E33DFDDB-67A8-477C-B381-7A027CA1C1EF}.Debug|x64.ActiveCfg = Debug|Any CPU
		{E33DFDDB-67A8-477C-B381-7A027CA1C1EF}.Debug|x64.Build.0 = Debug|Any CPU
		{E33DFDDB-67A8-477C-B381-7A027CA1C1EF}.Debug|x86.ActiveCfg = Debug|Any CPU
		{E33DFDDB-67A8-477C-B381-7A027CA1C1EF}.Debug|x86.Build.0 = Debug|Any CPU
		{E33DFDDB-67A8-477C-B381-7A027CA1C1EF}.Release|Any CPU.ActiveCfg = Release|Any CPU
		{E33DFDDB-67A8-477C-B381-7A027CA1C1EF}.Release|Any CPU.Build.0 = Release|Any CPU
		{E33DFDDB-67A8-477C-B381-7A027CA1C1EF}.Release|x64.ActiveCfg = Release|Any CPU
		{E33DFDDB-67A8-477C-B381-7A027CA1C1EF}.Release|x64.Build.0 = Release|Any CPU
		{E33DFDDB-67A8-477C-B381-7A027CA1C1EF}.Release|x86.ActiveCfg = Release|Any CPU
		{E33DFDDB-67A8-477C-B381-7A027CA1C1EF}.Release|x86.Build.0 = Release|Any CPU
		{27C97489-E22B-4568-AC5D-A1815F2585AC}.Debug|Any CPU.ActiveCfg = Debug|Any CPU
		{27C97489-E22B-4568-AC5D-A1815F2585AC}.Debug|Any CPU.Build.0 = Debug|Any CPU
		{27C97489-E22B-4568-AC5D-A1815F2585AC}.Debug|x64.ActiveCfg = Debug|Any CPU
		{27C97489-E22B-4568-AC5D-A1815F2585AC}.Debug|x64.Build.0 = Debug|Any CPU
		{27C97489-E22B-4568-AC5D-A1815F2585AC}.Debug|x86.ActiveCfg = Debug|Any CPU
		{27C97489-E22B-4568-AC5D-A1815F2585AC}.Debug|x86.Build.0 = Debug|Any CPU
		{27C97489-E22B-4568-AC5D-A1815F2585AC}.Release|Any CPU.ActiveCfg = Release|Any CPU
		{27C97489-E22B-4568-AC5D-A1815F2585AC}.Release|Any CPU.Build.0 = Release|Any CPU
		{27C97489-E22B-4568-AC5D-A1815F2585AC}.Release|x64.ActiveCfg = Release|Any CPU
		{27C97489-E22B-4568-AC5D-A1815F2585AC}.Release|x64.Build.0 = Release|Any CPU
		{27C97489-E22B-4568-AC5D-A1815F2585AC}.Release|x86.ActiveCfg = Release|Any CPU
		{27C97489-E22B-4568-AC5D-A1815F2585AC}.Release|x86.Build.0 = Release|Any CPU
		{6B16126E-D52E-465C-B557-D4875D47C34B}.Debug|Any CPU.ActiveCfg = Debug|Any CPU
		{6B16126E-D52E-465C-B557-D4875D47C34B}.Debug|Any CPU.Build.0 = Debug|Any CPU
		{6B16126E-D52E-465C-B557-D4875D47C34B}.Debug|x64.ActiveCfg = Debug|Any CPU
		{6B16126E-D52E-465C-B557-D4875D47C34B}.Debug|x64.Build.0 = Debug|Any CPU
		{6B16126E-D52E-465C-B557-D4875D47C34B}.Debug|x86.ActiveCfg = Debug|Any CPU
		{6B16126E-D52E-465C-B557-D4875D47C34B}.Debug|x86.Build.0 = Debug|Any CPU
		{6B16126E-D52E-465C-B557-D4875D47C34B}.Release|Any CPU.ActiveCfg = Release|Any CPU
		{6B16126E-D52E-465C-B557-D4875D47C34B}.Release|Any CPU.Build.0 = Release|Any CPU
		{6B16126E-D52E-465C-B557-D4875D47C34B}.Release|x64.ActiveCfg = Release|Any CPU
		{6B16126E-D52E-465C-B557-D4875D47C34B}.Release|x64.Build.0 = Release|Any CPU
		{6B16126E-D52E-465C-B557-D4875D47C34B}.Release|x86.ActiveCfg = Release|Any CPU
		{6B16126E-D52E-465C-B557-D4875D47C34B}.Release|x86.Build.0 = Release|Any CPU
		{818BB436-D54B-4957-9226-D4C2BDEF617B}.Debug|Any CPU.ActiveCfg = Debug|Any CPU
		{818BB436-D54B-4957-9226-D4C2BDEF617B}.Debug|Any CPU.Build.0 = Debug|Any CPU
		{818BB436-D54B-4957-9226-D4C2BDEF617B}.Debug|x64.ActiveCfg = Debug|Any CPU
		{818BB436-D54B-4957-9226-D4C2BDEF617B}.Debug|x64.Build.0 = Debug|Any CPU
		{818BB436-D54B-4957-9226-D4C2BDEF617B}.Debug|x86.ActiveCfg = Debug|Any CPU
		{818BB436-D54B-4957-9226-D4C2BDEF617B}.Debug|x86.Build.0 = Debug|Any CPU
		{818BB436-D54B-4957-9226-D4C2BDEF617B}.Release|Any CPU.ActiveCfg = Release|Any CPU
		{818BB436-D54B-4957-9226-D4C2BDEF617B}.Release|Any CPU.Build.0 = Release|Any CPU
		{818BB436-D54B-4957-9226-D4C2BDEF617B}.Release|x64.ActiveCfg = Release|Any CPU
		{818BB436-D54B-4957-9226-D4C2BDEF617B}.Release|x64.Build.0 = Release|Any CPU
		{818BB436-D54B-4957-9226-D4C2BDEF617B}.Release|x86.ActiveCfg = Release|Any CPU
		{818BB436-D54B-4957-9226-D4C2BDEF617B}.Release|x86.Build.0 = Release|Any CPU
		{1FDC288F-F48C-47C4-B7ED-E0E30C07332D}.Debug|Any CPU.ActiveCfg = Debug|Any CPU
		{1FDC288F-F48C-47C4-B7ED-E0E30C07332D}.Debug|Any CPU.Build.0 = Debug|Any CPU
		{1FDC288F-F48C-47C4-B7ED-E0E30C07332D}.Debug|x64.ActiveCfg = Debug|Any CPU
		{1FDC288F-F48C-47C4-B7ED-E0E30C07332D}.Debug|x64.Build.0 = Debug|Any CPU
		{1FDC288F-F48C-47C4-B7ED-E0E30C07332D}.Debug|x86.ActiveCfg = Debug|Any CPU
		{1FDC288F-F48C-47C4-B7ED-E0E30C07332D}.Debug|x86.Build.0 = Debug|Any CPU
		{1FDC288F-F48C-47C4-B7ED-E0E30C07332D}.Release|Any CPU.ActiveCfg = Release|Any CPU
		{1FDC288F-F48C-47C4-B7ED-E0E30C07332D}.Release|Any CPU.Build.0 = Release|Any CPU
		{1FDC288F-F48C-47C4-B7ED-E0E30C07332D}.Release|x64.ActiveCfg = Release|Any CPU
		{1FDC288F-F48C-47C4-B7ED-E0E30C07332D}.Release|x64.Build.0 = Release|Any CPU
		{1FDC288F-F48C-47C4-B7ED-E0E30C07332D}.Release|x86.ActiveCfg = Release|Any CPU
		{1FDC288F-F48C-47C4-B7ED-E0E30C07332D}.Release|x86.Build.0 = Release|Any CPU
		{F76EB91B-334A-465C-AC53-E81A0290E07B}.Debug|Any CPU.ActiveCfg = Debug|Any CPU
		{F76EB91B-334A-465C-AC53-E81A0290E07B}.Debug|Any CPU.Build.0 = Debug|Any CPU
		{F76EB91B-334A-465C-AC53-E81A0290E07B}.Debug|x64.ActiveCfg = Debug|Any CPU
		{F76EB91B-334A-465C-AC53-E81A0290E07B}.Debug|x64.Build.0 = Debug|Any CPU
		{F76EB91B-334A-465C-AC53-E81A0290E07B}.Debug|x86.ActiveCfg = Debug|Any CPU
		{F76EB91B-334A-465C-AC53-E81A0290E07B}.Debug|x86.Build.0 = Debug|Any CPU
		{F76EB91B-334A-465C-AC53-E81A0290E07B}.Release|Any CPU.ActiveCfg = Release|Any CPU
		{F76EB91B-334A-465C-AC53-E81A0290E07B}.Release|Any CPU.Build.0 = Release|Any CPU
		{F76EB91B-334A-465C-AC53-E81A0290E07B}.Release|x64.ActiveCfg = Release|Any CPU
		{F76EB91B-334A-465C-AC53-E81A0290E07B}.Release|x64.Build.0 = Release|Any CPU
		{F76EB91B-334A-465C-AC53-E81A0290E07B}.Release|x86.ActiveCfg = Release|Any CPU
		{F76EB91B-334A-465C-AC53-E81A0290E07B}.Release|x86.Build.0 = Release|Any CPU
		{4D10CBE8-4B45-47D4-9B08-7C1BEBBA24C6}.Debug|Any CPU.ActiveCfg = Debug|Any CPU
		{4D10CBE8-4B45-47D4-9B08-7C1BEBBA24C6}.Debug|Any CPU.Build.0 = Debug|Any CPU
		{4D10CBE8-4B45-47D4-9B08-7C1BEBBA24C6}.Debug|x64.ActiveCfg = Debug|Any CPU
		{4D10CBE8-4B45-47D4-9B08-7C1BEBBA24C6}.Debug|x64.Build.0 = Debug|Any CPU
		{4D10CBE8-4B45-47D4-9B08-7C1BEBBA24C6}.Debug|x86.ActiveCfg = Debug|Any CPU
		{4D10CBE8-4B45-47D4-9B08-7C1BEBBA24C6}.Debug|x86.Build.0 = Debug|Any CPU
		{4D10CBE8-4B45-47D4-9B08-7C1BEBBA24C6}.Release|Any CPU.ActiveCfg = Release|Any CPU
		{4D10CBE8-4B45-47D4-9B08-7C1BEBBA24C6}.Release|Any CPU.Build.0 = Release|Any CPU
		{4D10CBE8-4B45-47D4-9B08-7C1BEBBA24C6}.Release|x64.ActiveCfg = Release|Any CPU
		{4D10CBE8-4B45-47D4-9B08-7C1BEBBA24C6}.Release|x64.Build.0 = Release|Any CPU
		{4D10CBE8-4B45-47D4-9B08-7C1BEBBA24C6}.Release|x86.ActiveCfg = Release|Any CPU
		{4D10CBE8-4B45-47D4-9B08-7C1BEBBA24C6}.Release|x86.Build.0 = Release|Any CPU
		{37F9F8CC-725B-4E20-B4A4-51C095095F6D}.Debug|Any CPU.ActiveCfg = Debug|Any CPU
		{37F9F8CC-725B-4E20-B4A4-51C095095F6D}.Debug|Any CPU.Build.0 = Debug|Any CPU
		{37F9F8CC-725B-4E20-B4A4-51C095095F6D}.Debug|x64.ActiveCfg = Debug|Any CPU
		{37F9F8CC-725B-4E20-B4A4-51C095095F6D}.Debug|x64.Build.0 = Debug|Any CPU
		{37F9F8CC-725B-4E20-B4A4-51C095095F6D}.Debug|x86.ActiveCfg = Debug|Any CPU
		{37F9F8CC-725B-4E20-B4A4-51C095095F6D}.Debug|x86.Build.0 = Debug|Any CPU
		{37F9F8CC-725B-4E20-B4A4-51C095095F6D}.Release|Any CPU.ActiveCfg = Release|Any CPU
		{37F9F8CC-725B-4E20-B4A4-51C095095F6D}.Release|Any CPU.Build.0 = Release|Any CPU
		{37F9F8CC-725B-4E20-B4A4-51C095095F6D}.Release|x64.ActiveCfg = Release|Any CPU
		{37F9F8CC-725B-4E20-B4A4-51C095095F6D}.Release|x64.Build.0 = Release|Any CPU
		{37F9F8CC-725B-4E20-B4A4-51C095095F6D}.Release|x86.ActiveCfg = Release|Any CPU
		{37F9F8CC-725B-4E20-B4A4-51C095095F6D}.Release|x86.Build.0 = Release|Any CPU
		{D3E4BB17-7F25-485B-B8DF-A394BA6FFE7D}.Debug|Any CPU.ActiveCfg = Debug|Any CPU
		{D3E4BB17-7F25-485B-B8DF-A394BA6FFE7D}.Debug|Any CPU.Build.0 = Debug|Any CPU
		{D3E4BB17-7F25-485B-B8DF-A394BA6FFE7D}.Debug|x64.ActiveCfg = Debug|Any CPU
		{D3E4BB17-7F25-485B-B8DF-A394BA6FFE7D}.Debug|x64.Build.0 = Debug|Any CPU
		{D3E4BB17-7F25-485B-B8DF-A394BA6FFE7D}.Debug|x86.ActiveCfg = Debug|Any CPU
		{D3E4BB17-7F25-485B-B8DF-A394BA6FFE7D}.Debug|x86.Build.0 = Debug|Any CPU
		{D3E4BB17-7F25-485B-B8DF-A394BA6FFE7D}.Release|Any CPU.ActiveCfg = Release|Any CPU
		{D3E4BB17-7F25-485B-B8DF-A394BA6FFE7D}.Release|Any CPU.Build.0 = Release|Any CPU
		{D3E4BB17-7F25-485B-B8DF-A394BA6FFE7D}.Release|x64.ActiveCfg = Release|Any CPU
		{D3E4BB17-7F25-485B-B8DF-A394BA6FFE7D}.Release|x64.Build.0 = Release|Any CPU
		{D3E4BB17-7F25-485B-B8DF-A394BA6FFE7D}.Release|x86.ActiveCfg = Release|Any CPU
		{D3E4BB17-7F25-485B-B8DF-A394BA6FFE7D}.Release|x86.Build.0 = Release|Any CPU
		{F81DA2CF-0944-48F2-8118-18455D442F9B}.Debug|Any CPU.ActiveCfg = Debug|Any CPU
		{F81DA2CF-0944-48F2-8118-18455D442F9B}.Debug|Any CPU.Build.0 = Debug|Any CPU
		{F81DA2CF-0944-48F2-8118-18455D442F9B}.Debug|x64.ActiveCfg = Debug|Any CPU
		{F81DA2CF-0944-48F2-8118-18455D442F9B}.Debug|x64.Build.0 = Debug|Any CPU
		{F81DA2CF-0944-48F2-8118-18455D442F9B}.Debug|x86.ActiveCfg = Debug|Any CPU
		{F81DA2CF-0944-48F2-8118-18455D442F9B}.Debug|x86.Build.0 = Debug|Any CPU
		{F81DA2CF-0944-48F2-8118-18455D442F9B}.Release|Any CPU.ActiveCfg = Release|Any CPU
		{F81DA2CF-0944-48F2-8118-18455D442F9B}.Release|Any CPU.Build.0 = Release|Any CPU
		{F81DA2CF-0944-48F2-8118-18455D442F9B}.Release|x64.ActiveCfg = Release|Any CPU
		{F81DA2CF-0944-48F2-8118-18455D442F9B}.Release|x64.Build.0 = Release|Any CPU
		{F81DA2CF-0944-48F2-8118-18455D442F9B}.Release|x86.ActiveCfg = Release|Any CPU
		{F81DA2CF-0944-48F2-8118-18455D442F9B}.Release|x86.Build.0 = Release|Any CPU
		{5176E5A1-DAFE-4F15-AE69-6082F86BF5BC}.Debug|Any CPU.ActiveCfg = Debug|Any CPU
		{5176E5A1-DAFE-4F15-AE69-6082F86BF5BC}.Debug|Any CPU.Build.0 = Debug|Any CPU
		{5176E5A1-DAFE-4F15-AE69-6082F86BF5BC}.Debug|x64.ActiveCfg = Debug|Any CPU
		{5176E5A1-DAFE-4F15-AE69-6082F86BF5BC}.Debug|x64.Build.0 = Debug|Any CPU
		{5176E5A1-DAFE-4F15-AE69-6082F86BF5BC}.Debug|x86.ActiveCfg = Debug|Any CPU
		{5176E5A1-DAFE-4F15-AE69-6082F86BF5BC}.Debug|x86.Build.0 = Debug|Any CPU
		{5176E5A1-DAFE-4F15-AE69-6082F86BF5BC}.Release|Any CPU.ActiveCfg = Release|Any CPU
		{5176E5A1-DAFE-4F15-AE69-6082F86BF5BC}.Release|Any CPU.Build.0 = Release|Any CPU
		{5176E5A1-DAFE-4F15-AE69-6082F86BF5BC}.Release|x64.ActiveCfg = Release|Any CPU
		{5176E5A1-DAFE-4F15-AE69-6082F86BF5BC}.Release|x64.Build.0 = Release|Any CPU
		{5176E5A1-DAFE-4F15-AE69-6082F86BF5BC}.Release|x86.ActiveCfg = Release|Any CPU
		{5176E5A1-DAFE-4F15-AE69-6082F86BF5BC}.Release|x86.Build.0 = Release|Any CPU
		{BFEFEE6A-71CD-46E7-A379-CEC9F212C13F}.Debug|Any CPU.ActiveCfg = Debug|Any CPU
		{BFEFEE6A-71CD-46E7-A379-CEC9F212C13F}.Debug|Any CPU.Build.0 = Debug|Any CPU
		{BFEFEE6A-71CD-46E7-A379-CEC9F212C13F}.Debug|x64.ActiveCfg = Debug|Any CPU
		{BFEFEE6A-71CD-46E7-A379-CEC9F212C13F}.Debug|x64.Build.0 = Debug|Any CPU
		{BFEFEE6A-71CD-46E7-A379-CEC9F212C13F}.Debug|x86.ActiveCfg = Debug|Any CPU
		{BFEFEE6A-71CD-46E7-A379-CEC9F212C13F}.Debug|x86.Build.0 = Debug|Any CPU
		{BFEFEE6A-71CD-46E7-A379-CEC9F212C13F}.Release|Any CPU.ActiveCfg = Release|Any CPU
		{BFEFEE6A-71CD-46E7-A379-CEC9F212C13F}.Release|Any CPU.Build.0 = Release|Any CPU
		{BFEFEE6A-71CD-46E7-A379-CEC9F212C13F}.Release|x64.ActiveCfg = Release|Any CPU
		{BFEFEE6A-71CD-46E7-A379-CEC9F212C13F}.Release|x64.Build.0 = Release|Any CPU
		{BFEFEE6A-71CD-46E7-A379-CEC9F212C13F}.Release|x86.ActiveCfg = Release|Any CPU
		{BFEFEE6A-71CD-46E7-A379-CEC9F212C13F}.Release|x86.Build.0 = Release|Any CPU
		{E201500E-C89D-4731-8FB9-560874A7B29F}.Debug|Any CPU.ActiveCfg = Debug|Any CPU
		{E201500E-C89D-4731-8FB9-560874A7B29F}.Debug|Any CPU.Build.0 = Debug|Any CPU
		{E201500E-C89D-4731-8FB9-560874A7B29F}.Debug|x64.ActiveCfg = Debug|Any CPU
		{E201500E-C89D-4731-8FB9-560874A7B29F}.Debug|x64.Build.0 = Debug|Any CPU
		{E201500E-C89D-4731-8FB9-560874A7B29F}.Debug|x86.ActiveCfg = Debug|Any CPU
		{E201500E-C89D-4731-8FB9-560874A7B29F}.Debug|x86.Build.0 = Debug|Any CPU
		{E201500E-C89D-4731-8FB9-560874A7B29F}.Release|Any CPU.ActiveCfg = Release|Any CPU
		{E201500E-C89D-4731-8FB9-560874A7B29F}.Release|Any CPU.Build.0 = Release|Any CPU
		{E201500E-C89D-4731-8FB9-560874A7B29F}.Release|x64.ActiveCfg = Release|Any CPU
		{E201500E-C89D-4731-8FB9-560874A7B29F}.Release|x64.Build.0 = Release|Any CPU
		{E201500E-C89D-4731-8FB9-560874A7B29F}.Release|x86.ActiveCfg = Release|Any CPU
		{E201500E-C89D-4731-8FB9-560874A7B29F}.Release|x86.Build.0 = Release|Any CPU
	EndGlobalSection
	GlobalSection(SolutionProperties) = preSolution
		HideSolutionNode = FALSE
	EndGlobalSection
	GlobalSection(NestedProjects) = preSolution
		{3E237804-472C-82EB-053F-020551B8CC3A} = {6558A576-9D1A-4AB4-AEEB-67817F483F92}
		{53B08518-A3F4-57A0-334A-58C30F9D12D6} = {6558A576-9D1A-4AB4-AEEB-67817F483F92}
		{FE0E528D-5117-4D5C-B708-1D7EDB12FCFC} = {17750060-FDCC-46D1-A11C-63FE25B3834B}
		{B9C5E1A4-7D62-4F38-AE91-3C0D5F2B6E84} = {17750060-FDCC-46D1-A11C-63FE25B3834B}
		{1C7997D1-4C59-DC18-E7A9-F82D5113B6A7} = {A025AF26-72D2-4CA8-8D4D-2C8CE5775DC0}
		{D4AF7CC0-2EEC-7BFC-7F0C-019EF831C64E} = {A025AF26-72D2-4CA8-8D4D-2C8CE5775DC0}
		{747F8C4E-71DD-FE64-6236-4BBE6B7DD0A8} = {A025AF26-72D2-4CA8-8D4D-2C8CE5775DC0}
		{C0AC2C95-2309-A33E-3C76-FF7F163D2471} = {A025AF26-72D2-4CA8-8D4D-2C8CE5775DC0}
		{116217CC-79DD-4136-886A-8A08A7404A90} = {6558A576-9D1A-4AB4-AEEB-67817F483F92}
		{E22E7733-2A49-4B36-5264-D1D7E1F2D630} = {A025AF26-72D2-4CA8-8D4D-2C8CE5775DC0}
		{DA1F6EFE-5D99-4D55-B45E-C19B5B589C1A} = {A025AF26-72D2-4CA8-8D4D-2C8CE5775DC0}
		{D220CF47-3C10-4C3C-9949-FCE5FFDCFC08} = {A025AF26-72D2-4CA8-8D4D-2C8CE5775DC0}
		{F1FF4EB1-FCCC-4F9C-B88F-F1DF6C758B0C} = {6558A576-9D1A-4AB4-AEEB-67817F483F92}
		{73ABA1F5-DA7B-43A0-B70B-E14FA3EAB7C5} = {6558A576-9D1A-4AB4-AEEB-67817F483F92}
		{1C41512C-CD8A-4743-AF9C-DBDFDCFCFA0A} = {A025AF26-72D2-4CA8-8D4D-2C8CE5775DC0}
		{7FA280D5-7E17-4821-A73E-0B80396AA0EB} = {A025AF26-72D2-4CA8-8D4D-2C8CE5775DC0}
		{D7EEE3AF-7B61-48AF-A8EB-0103C2D1A866} = {B262F083-816F-4B29-B740-9E87DA8359AF}
		{E33DFDDB-67A8-477C-B381-7A027CA1C1EF} = {B262F083-816F-4B29-B740-9E87DA8359AF}
		{27C97489-E22B-4568-AC5D-A1815F2585AC} = {B262F083-816F-4B29-B740-9E87DA8359AF}
		{6B16126E-D52E-465C-B557-D4875D47C34B} = {6558A576-9D1A-4AB4-AEEB-67817F483F92}
		{818BB436-D54B-4957-9226-D4C2BDEF617B} = {A025AF26-72D2-4CA8-8D4D-2C8CE5775DC0}
		{1FDC288F-F48C-47C4-B7ED-E0E30C07332D} = {A025AF26-72D2-4CA8-8D4D-2C8CE5775DC0}
		{F76EB91B-334A-465C-AC53-E81A0290E07B} = {6558A576-9D1A-4AB4-AEEB-67817F483F92}
		{4D10CBE8-4B45-47D4-9B08-7C1BEBBA24C6} = {6558A576-9D1A-4AB4-AEEB-67817F483F92}
		{37F9F8CC-725B-4E20-B4A4-51C095095F6D} = {A025AF26-72D2-4CA8-8D4D-2C8CE5775DC0}
		{D3E4BB17-7F25-485B-B8DF-A394BA6FFE7D} = {A025AF26-72D2-4CA8-8D4D-2C8CE5775DC0}
		{F81DA2CF-0944-48F2-8118-18455D442F9B} = {A025AF26-72D2-4CA8-8D4D-2C8CE5775DC0}
		{5176E5A1-DAFE-4F15-AE69-6082F86BF5BC} = {A025AF26-72D2-4CA8-8D4D-2C8CE5775DC0}
		{BFEFEE6A-71CD-46E7-A379-CEC9F212C13F} = {6558A576-9D1A-4AB4-AEEB-67817F483F92}
		{E201500E-C89D-4731-8FB9-560874A7B29F} = {6558A576-9D1A-4AB4-AEEB-67817F483F92}
	EndGlobalSection
	GlobalSection(ExtensibilityGlobals) = postSolution
		SolutionGuid = {0A13A6B9-A071-4F84-A320-35B662A7FE44}
	EndGlobalSection
EndGlobal
