
Microsoft Visual Studio Solution File, Format Version 12.00
# Visual Studio Version 18
VisualStudioVersion = 18.1.11312.151
MinimumVisualStudioVersion = 10.0.40219.1
Project("{FAE04EC0-301F-11D3-BF4B-00C04F79EFBC}") = "Philadelphus.InfrastructureEntities", "Philadelphus.InfrastructureEntities\Philadelphus.InfrastructureEntities.csproj", "{CD0C41D0-E17A-40A7-BB3B-517CD5925607}"
EndProject
Project("{FAE04EC0-301F-11D3-BF4B-00C04F79EFBC}") = "Philadelphus.JsonRepository", "Philadelphus.JsonRepository\Philadelphus.JsonRepository.csproj", "{2293A057-A732-4CB2-A55E-4AB40F0608E0}"
EndProject
Project("{FAE04EC0-301F-11D3-BF4B-00C04F79EFBC}") = "Philadelphus.PostgreEfRepository", "Philadelphus.PostgreEfRepository\Philadelphus.PostgreEfRepository.csproj", "{6AD15292-D11C-4F4F-9004-A95CDC6B79F2}"
EndProject
Project("{FAE04EC0-301F-11D3-BF4B-00C04F79EFBC}") = "Philadelphus.MongoRepository", "Philadelphus.MongoRepository\Philadelphus.MongoRepository.csproj", "{E2E884D7-7D88-4F72-9DE8-EEA0B0B72B96}"
EndProject
Project("{FAE04EC0-301F-11D3-BF4B-00C04F79EFBC}") = "Philadelphus.PostgreRepository", "Philadelphus.PostgreRepository\Philadelphus.PostgreRepository.csproj", "{1B7C9538-E1F9-4001-8C73-ADD0F4F6B881}"
EndProject
Project("{FAE04EC0-301F-11D3-BF4B-00C04F79EFBC}") = "Philadelphus.WpfApplication", "Philadelphus.WpfApplication\Philadelphus.WpfApplication.csproj", "{1117158E-19B0-4BD2-85B0-BCC2AA2F7748}"
EndProject
Project("{FAE04EC0-301F-11D3-BF4B-00C04F79EFBC}") = "Philadelphus.WpfApplicationTests", "Philadelphus.WpfApplicationTests\Philadelphus.WpfApplicationTests.csproj", "{62F3CF7B-EC95-406B-9E5C-F29A65641F97}"
EndProject
Project("{FAE04EC0-301F-11D3-BF4B-00C04F79EFBC}") = "Philadelphus.Core.Domain.ExtensionSystem", "Philadelphus.Core.Domain.ExtensionSystem\Philadelphus.Core.Domain.ExtensionSystem.csproj", "{3E237804-472C-82EB-053F-020551B8CC3A}"
EndProject
Project("{FAE04EC0-301F-11D3-BF4B-00C04F79EFBC}") = "Philadelphus.Core.Domain", "Philadelphus.Core.Domain\Philadelphus.Core.Domain.csproj", "{53B08518-A3F4-57A0-334A-58C30F9D12D6}"
EndProject
Project("{2150E333-8FDC-42A3-9474-1A3956D46DE8}") = "Core", "Core", "{6558A576-9D1A-4AB4-AEEB-67817F483F92}"
EndProject
Project("{2150E333-8FDC-42A3-9474-1A3956D46DE8}") = "Infrastructure", "Infrastructure", "{A025AF26-72D2-4CA8-8D4D-2C8CE5775DC0}"
EndProject
Project("{2150E333-8FDC-42A3-9474-1A3956D46DE8}") = "Presentation", "Presentation", "{17750060-FDCC-46D1-A11C-63FE25B3834B}"
EndProject
Global
	GlobalSection(SolutionConfigurationPlatforms) = preSolution
		Debug|Any CPU = Debug|Any CPU
		Debug|x64 = Debug|x64
		Debug|x86 = Debug|x86
		Release|Any CPU = Release|Any CPU
		Release|x64 = Release|x64
		Release|x86 = Release|x86
	EndGlobalSection
	GlobalSection(ProjectConfigurationPlatforms) = postSolution
		{CD0C41D0-E17A-40A7-BB3B-517CD5925607}.Debug|Any CPU.ActiveCfg = Debug|Any CPU
		{CD0C41D0-E17A-40A7-BB3B-517CD5925607}.Debug|Any CPU.Build.0 = Debug|Any CPU
		{CD0C41D0-E17A-40A7-BB3B-517CD5925607}.Debug|x64.ActiveCfg = Debug|Any CPU
		{CD0C41D0-E17A-40A7-BB3B-517CD5925607}.Debug|x64.Build.0 = Debug|Any CPU
		{CD0C41D0-E17A-40A7-BB3B-517CD5925607}.Debug|x86.ActiveCfg = Debug|Any CPU
		{CD0C41D0-E17A-40A7-BB3B-517CD5925607}.Debug|x86.Build.0 = Debug|Any CPU
		{CD0C41D0-E17A-40A7-BB3B-517CD5925607}.Release|Any CPU.ActiveCfg = Release|Any CPU
		{CD0C41D0-E17A-40A7-BB3B-517CD5925607}.Release|Any CPU.Build.0 = Release|Any CPU
		{CD0C41D0-E17A-40A7-BB3B-517CD5925607}.Release|x64.ActiveCfg = Release|Any CPU
		{CD0C41D0-E17A-40A7-BB3B-517CD5925607}.Release|x64.Build.0 = Release|Any CPU
		{CD0C41D0-E17A-40A7-BB3B-517CD5925607}.Release|x86.ActiveCfg = Release|Any CPU
		{CD0C41D0-E17A-40A7-BB3B-517CD5925607}.Release|x86.Build.0 = Release|Any CPU
		{2293A057-A732-4CB2-A55E-4AB40F0608E0}.Debug|Any CPU.ActiveCfg = Debug|Any CPU
		{2293A057-A732-4CB2-A55E-4AB40F0608E0}.Debug|Any CPU.Build.0 = Debug|Any CPU
		{2293A057-A732-4CB2-A55E-4AB40F0608E0}.Debug|x64.ActiveCfg = Debug|Any CPU
		{2293A057-A732-4CB2-A55E-4AB40F0608E0}.Debug|x64.Build.0 = Debug|Any CPU
		{2293A057-A732-4CB2-A55E-4AB40F0608E0}.Debug|x86.ActiveCfg = Debug|Any CPU
		{2293A057-A732-4CB2-A55E-4AB40F0608E0}.Debug|x86.Build.0 = Debug|Any CPU
		{2293A057-A732-4CB2-A55E-4AB40F0608E0}.Release|Any CPU.ActiveCfg = Release|Any CPU
		{2293A057-A732-4CB2-A55E-4AB40F0608E0}.Release|Any CPU.Build.0 = Release|Any CPU
		{2293A057-A732-4CB2-A55E-4AB40F0608E0}.Release|x64.ActiveCfg = Release|Any CPU
		{2293A057-A732-4CB2-A55E-4AB40F0608E0}.Release|x64.Build.0 = Release|Any CPU
		{2293A057-A732-4CB2-A55E-4AB40F0608E0}.Release|x86.ActiveCfg = Release|Any CPU
		{2293A057-A732-4CB2-A55E-4AB40F0608E0}.Release|x86.Build.0 = Release|Any CPU
		{6AD15292-D11C-4F4F-9004-A95CDC6B79F2}.Debug|Any CPU.ActiveCfg = Debug|Any CPU
		{6AD15292-D11C-4F4F-9004-A95CDC6B79F2}.Debug|Any CPU.Build.0 = Debug|Any CPU
		{6AD15292-D11C-4F4F-9004-A95CDC6B79F2}.Debug|x64.ActiveCfg = Debug|Any CPU
		{6AD15292-D11C-4F4F-9004-A95CDC6B79F2}.Debug|x64.Build.0 = Debug|Any CPU
		{6AD15292-D11C-4F4F-9004-A95CDC6B79F2}.Debug|x86.ActiveCfg = Debug|Any CPU
		{6AD15292-D11C-4F4F-9004-A95CDC6B79F2}.Debug|x86.Build.0 = Debug|Any CPU
		{6AD15292-D11C-4F4F-9004-A95CDC6B79F2}.Release|Any CPU.ActiveCfg = Release|Any CPU
		{6AD15292-D11C-4F4F-9004-A95CDC6B79F2}.Release|Any CPU.Build.0 = Release|Any CPU
		{6AD15292-D11C-4F4F-9004-A95CDC6B79F2}.Release|x64.ActiveCfg = Release|Any CPU
		{6AD15292-D11C-4F4F-9004-A95CDC6B79F2}.Release|x64.Build.0 = Release|Any CPU
		{6AD15292-D11C-4F4F-9004-A95CDC6B79F2}.Release|x86.ActiveCfg = Release|Any CPU
		{6AD15292-D11C-4F4F-9004-A95CDC6B79F2}.Release|x86.Build.0 = Release|Any CPU
		{E2E884D7-7D88-4F72-9DE8-EEA0B0B72B96}.Debug|Any CPU.ActiveCfg = Debug|Any CPU
		{E2E884D7-7D88-4F72-9DE8-EEA0B0B72B96}.Debug|Any CPU.Build.0 = Debug|Any CPU
		{E2E884D7-7D88-4F72-9DE8-EEA0B0B72B96}.Debug|x64.ActiveCfg = Debug|Any CPU
		{E2E884D7-7D88-4F72-9DE8-EEA0B0B72B96}.Debug|x64.Build.0 = Debug|Any CPU
		{E2E884D7-7D88-4F72-9DE8-EEA0B0B72B96}.Debug|x86.ActiveCfg = Debug|Any CPU
		{E2E884D7-7D88-4F72-9DE8-EEA0B0B72B96}.Debug|x86.Build.0 = Debug|Any CPU
		{E2E884D7-7D88-4F72-9DE8-EEA0B0B72B96}.Release|Any CPU.ActiveCfg = Release|Any CPU
		{E2E884D7-7D88-4F72-9DE8-EEA0B0B72B96}.Release|Any CPU.Build.0 = Release|Any CPU
		{E2E884D7-7D88-4F72-9DE8-EEA0B0B72B96}.Release|x64.ActiveCfg = Release|Any CPU
		{E2E884D7-7D88-4F72-9DE8-EEA0B0B72B96}.Release|x64.Build.0 = Release|Any CPU
		{E2E884D7-7D88-4F72-9DE8-EEA0B0B72B96}.Release|x86.ActiveCfg = Release|Any CPU
		{E2E884D7-7D88-4F72-9DE8-EEA0B0B72B96}.Release|x86.Build.0 = Release|Any CPU
		{1B7C9538-E1F9-4001-8C73-ADD0F4F6B881}.Debug|Any CPU.ActiveCfg = Debug|Any CPU
		{1B7C9538-E1F9-4001-8C73-ADD0F4F6B881}.Debug|Any CPU.Build.0 = Debug|Any CPU
		{1B7C9538-E1F9-4001-8C73-ADD0F4F6B881}.Debug|x64.ActiveCfg = Debug|Any CPU
		{1B7C9538-E1F9-4001-8C73-ADD0F4F6B881}.Debug|x64.Build.0 = Debug|Any CPU
		{1B7C9538-E1F9-4001-8C73-ADD0F4F6B881}.Debug|x86.ActiveCfg = Debug|Any CPU
		{1B7C9538-E1F9-4001-8C73-ADD0F4F6B881}.Debug|x86.Build.0 = Debug|Any CPU
		{1B7C9538-E1F9-4001-8C73-ADD0F4F6B881}.Release|Any CPU.ActiveCfg = Release|Any CPU
		{1B7C9538-E1F9-4001-8C73-ADD0F4F6B881}.Release|Any CPU.Build.0 = Release|Any CPU
		{1B7C9538-E1F9-4001-8C73-ADD0F4F6B881}.Release|x64.ActiveCfg = Release|Any CPU
		{1B7C9538-E1F9-4001-8C73-ADD0F4F6B881}.Release|x64.Build.0 = Release|Any CPU
		{1B7C9538-E1F9-4001-8C73-ADD0F4F6B881}.Release|x86.ActiveCfg = Release|Any CPU
		{1B7C9538-E1F9-4001-8C73-ADD0F4F6B881}.Release|x86.Build.0 = Release|Any CPU
		{1117158E-19B0-4BD2-85B0-BCC2AA2F7748}.Debug|Any CPU.ActiveCfg = Debug|Any CPU
		{1117158E-19B0-4BD2-85B0-BCC2AA2F7748}.Debug|Any CPU.Build.0 = Debug|Any CPU
		{1117158E-19B0-4BD2-85B0-BCC2AA2F7748}.Debug|x64.ActiveCfg = Debug|Any CPU
		{1117158E-19B0-4BD2-85B0-BCC2AA2F7748}.Debug|x64.Build.0 = Debug|Any CPU
		{1117158E-19B0-4BD2-85B0-BCC2AA2F7748}.Debug|x86.ActiveCfg = Debug|Any CPU
		{1117158E-19B0-4BD2-85B0-BCC2AA2F7748}.Debug|x86.Build.0 = Debug|Any CPU
		{1117158E-19B0-4BD2-85B0-BCC2AA2F7748}.Release|Any CPU.ActiveCfg = Release|Any CPU
		{1117158E-19B0-4BD2-85B0-BCC2AA2F7748}.Release|Any CPU.Build.0 = Release|Any CPU
		{1117158E-19B0-4BD2-85B0-BCC2AA2F7748}.Release|x64.ActiveCfg = Release|Any CPU
		{1117158E-19B0-4BD2-85B0-BCC2AA2F7748}.Release|x64.Build.0 = Release|Any CPU
		{1117158E-19B0-4BD2-85B0-BCC2AA2F7748}.Release|x86.ActiveCfg = Release|Any CPU
		{1117158E-19B0-4BD2-85B0-BCC2AA2F7748}.Release|x86.Build.0 = Release|Any CPU
		{62F3CF7B-EC95-406B-9E5C-F29A65641F97}.Debug|Any CPU.ActiveCfg = Debug|Any CPU
		{62F3CF7B-EC95-406B-9E5C-F29A65641F97}.Debug|Any CPU.Build.0 = Debug|Any CPU
		{62F3CF7B-EC95-406B-9E5C-F29A65641F97}.Debug|x64.ActiveCfg = Debug|Any CPU
		{62F3CF7B-EC95-406B-9E5C-F29A65641F97}.Debug|x64.Build.0 = Debug|Any CPU
		{62F3CF7B-EC95-406B-9E5C-F29A65641F97}.Debug|x86.ActiveCfg = Debug|Any CPU
		{62F3CF7B-EC95-406B-9E5C-F29A65641F97}.Debug|x86.Build.0 = Debug|Any CPU
		{62F3CF7B-EC95-406B-9E5C-F29A65641F97}.Release|Any CPU.ActiveCfg = Release|Any CPU
		{62F3CF7B-EC95-406B-9E5C-F29A65641F97}.Release|Any CPU.Build.0 = Release|Any CPU
		{62F3CF7B-EC95-406B-9E5C-F29A65641F97}.Release|x64.ActiveCfg = Release|Any CPU
		{62F3CF7B-EC95-406B-9E5C-F29A65641F97}.Release|x64.Build.0 = Release|Any CPU
		{62F3CF7B-EC95-406B-9E5C-F29A65641F97}.Release|x86.ActiveCfg = Release|Any CPU
		{62F3CF7B-EC95-406B-9E5C-F29A65641F97}.Release|x86.Build.0 = Release|Any CPU
		{3E237804-472C-82EB-053F-020551B8CC3A}.Debug|Any CPU.ActiveCfg = Debug|Any CPU
		{3E237804-472C-82EB-053F-020551B8CC3A}.Debug|Any CPU.Build.0 = Debug|Any CPU
		{3E237804-472C-82EB-053F-020551B8CC3A}.Debug|x64.ActiveCfg = Debug|Any CPU
		{3E237804-472C-82EB-053F-020551B8CC3A}.Debug|x64.Build.0 = Debug|Any CPU
		{3E237804-472C-82EB-053F-020551B8CC3A}.Debug|x86.ActiveCfg = Debug|Any CPU
		{3E237804-472C-82EB-053F-020551B8CC3A}.Debug|x86.Build.0 = Debug|Any CPU
		{3E237804-472C-82EB-053F-020551B8CC3A}.Release|Any CPU.ActiveCfg = Release|Any CPU
		{3E237804-472C-82EB-053F-020551B8CC3A}.Release|Any CPU.Build.0 = Release|Any CPU
		{3E237804-472C-82EB-053F-020551B8CC3A}.Release|x64.ActiveCfg = Release|Any CPU
		{3E237804-472C-82EB-053F-020551B8CC3A}.Release|x64.Build.0 = Release|Any CPU
		{3E237804-472C-82EB-053F-020551B8CC3A}.Release|x86.ActiveCfg = Release|Any CPU
		{3E237804-472C-82EB-053F-020551B8CC3A}.Release|x86.Build.0 = Release|Any CPU
		{53B08518-A3F4-57A0-334A-58C30F9D12D6}.Debug|Any CPU.ActiveCfg = Debug|Any CPU
		{53B08518-A3F4-57A0-334A-58C30F9D12D6}.Debug|Any CPU.Build.0 = Debug|Any CPU
		{53B08518-A3F4-57A0-334A-58C30F9D12D6}.Debug|x64.ActiveCfg = Debug|Any CPU
		{53B08518-A3F4-57A0-334A-58C30F9D12D6}.Debug|x64.Build.0 = Debug|Any CPU
		{53B08518-A3F4-57A0-334A-58C30F9D12D6}.Debug|x86.ActiveCfg = Debug|Any CPU
		{53B08518-A3F4-57A0-334A-58C30F9D12D6}.Debug|x86.Build.0 = Debug|Any CPU
		{53B08518-A3F4-57A0-334A-58C30F9D12D6}.Release|Any CPU.ActiveCfg = Release|Any CPU
		{53B08518-A3F4-57A0-334A-58C30F9D12D6}.Release|Any CPU.Build.0 = Release|Any CPU
		{53B08518-A3F4-57A0-334A-58C30F9D12D6}.Release|x64.ActiveCfg = Release|Any CPU
		{53B08518-A3F4-57A0-334A-58C30F9D12D6}.Release|x64.Build.0 = Release|Any CPU
		{53B08518-A3F4-57A0-334A-58C30F9D12D6}.Release|x86.ActiveCfg = Release|Any CPU
		{53B08518-A3F4-57A0-334A-58C30F9D12D6}.Release|x86.Build.0 = Release|Any CPU
	EndGlobalSection
	GlobalSection(SolutionProperties) = preSolution
		HideSolutionNode = FALSE
	EndGlobalSection
	GlobalSection(NestedProjects) = preSolution
		{CD0C41D0-E17A-40A7-BB3B-517CD5925607} = {A025AF26-72D2-4CA8-8D4D-2C8CE5775DC0}
		{2293A057-A732-4CB2-A55E-4AB40F0608E0} = {A025AF26-72D2-4CA8-8D4D-2C8CE5775DC0}
		{6AD15292-D11C-4F4F-9004-A95CDC6B79F2} = {A025AF26-72D2-4CA8-8D4D-2C8CE5775DC0}
		{E2E884D7-7D88-4F72-9DE8-EEA0B0B72B96} = {A025AF26-72D2-4CA8-8D4D-2C8CE5775DC0}
		{1B7C9538-E1F9-4001-8C73-ADD0F4F6B881} = {A025AF26-72D2-4CA8-8D4D-2C8CE5775DC0}
		{1117158E-19B0-4BD2-85B0-BCC2AA2F7748} = {17750060-FDCC-46D1-A11C-63FE25B3834B}
		{3E237804-472C-82EB-053F-020551B8CC3A} = {6558A576-9D1A-4AB4-AEEB-67817F483F92}
		{53B08518-A3F4-57A0-334A-58C30F9D12D6} = {6558A576-9D1A-4AB4-AEEB-67817F483F92}
	EndGlobalSection
	GlobalSection(ExtensibilityGlobals) = postSolution
		SolutionGuid = {0A13A6B9-A071-4F84-A320-35B662A7FE44}
	EndGlobalSection
EndGlobal
