
Microsoft Visual Studio Solution File, Format Version 12.00
# Visual Studio Version 17
VisualStudioVersion = 17.10.35027.167
MinimumVisualStudioVersion = 10.0.40219.1
Project("{9A19103F-16F7-4668-BE54-9A1E7A4F7556}") = "Philadelphus.WpfApplication", "Philadelphus.WpfApplication\Philadelphus.WpfApplication.csproj", "{0A5FAF0A-10BE-47FF-8BDD-D41C8267F56E}"
EndProject
Project("{9A19103F-16F7-4668-BE54-9A1E7A4F7556}") = "Philadelphus.Business", "..\..\Philadelphus.Libraries\Philadelphus.Business\Philadelphus.Business.csproj", "{7E94E8B5-C099-418F-B18C-90228D6612F5}"
EndProject
Project("{FAE04EC0-301F-11D3-BF4B-00C04F79EFBC}") = "Philadelphus.WpfApplicationTests", "Philadelphus.WpfApplicationTests\Philadelphus.WpfApplicationTests.csproj", "{C6E76722-B1EA-470E-9AC7-D387F3396AB9}"
EndProject
Project("{FAE04EC0-301F-11D3-BF4B-00C04F79EFBC}") = "Philadelphus.PostgreEfRepository", "..\..\Philadelphus.Libraries\Philadelphus.PostgreEfRepository\Philadelphus.PostgreEfRepository.csproj", "{CE5436D7-B580-9463-CFD0-0C0F0B1AD3E6}"
EndProject
Project("{FAE04EC0-301F-11D3-BF4B-00C04F79EFBC}") = "Philadelphus.InfrastructureEntities", "..\..\Philadelphus.Libraries\Philadelphus.InfrastructureEntities\Philadelphus.InfrastructureEntities.csproj", "{B1B66515-E1F7-8737-AE94-1B9DE76433DC}"
EndProject
Project("{FAE04EC0-301F-11D3-BF4B-00C04F79EFBC}") = "Philadelphus.JsonRepository", "..\..\Philadelphus.Libraries\Philadelphus.JsonRepository\Philadelphus.JsonRepository.csproj", "{B4C46B21-4A2B-86D7-A2F9-069C3A8EBCC2}"
EndProject
Project("{FAE04EC0-301F-11D3-BF4B-00C04F79EFBC}") = "Philadelphus.WpfPlugins", "Philadelphus.WpfPlugins\Philadelphus.WpfPlugins.csproj", "{30C21594-4777-489C-B9BA-DB0A81E00C4D}"
EndProject
Global
	GlobalSection(SolutionConfigurationPlatforms) = preSolution
		Debug|Any CPU = Debug|Any CPU
		Release|Any CPU = Release|Any CPU
	EndGlobalSection
	GlobalSection(ProjectConfigurationPlatforms) = postSolution
		{0A5FAF0A-10BE-47FF-8BDD-D41C8267F56E}.Debug|Any CPU.ActiveCfg = Debug|Any CPU
		{0A5FAF0A-10BE-47FF-8BDD-D41C8267F56E}.Debug|Any CPU.Build.0 = Debug|Any CPU
		{0A5FAF0A-10BE-47FF-8BDD-D41C8267F56E}.Release|Any CPU.ActiveCfg = Release|Any CPU
		{0A5FAF0A-10BE-47FF-8BDD-D41C8267F56E}.Release|Any CPU.Build.0 = Release|Any CPU
		{7E94E8B5-C099-418F-B18C-90228D6612F5}.Debug|Any CPU.ActiveCfg = Debug|Any CPU
		{7E94E8B5-C099-418F-B18C-90228D6612F5}.Debug|Any CPU.Build.0 = Debug|Any CPU
		{7E94E8B5-C099-418F-B18C-90228D6612F5}.Release|Any CPU.ActiveCfg = Release|Any CPU
		{7E94E8B5-C099-418F-B18C-90228D6612F5}.Release|Any CPU.Build.0 = Release|Any CPU
		{C6E76722-B1EA-470E-9AC7-D387F3396AB9}.Debug|Any CPU.ActiveCfg = Debug|Any CPU
		{C6E76722-B1EA-470E-9AC7-D387F3396AB9}.Debug|Any CPU.Build.0 = Debug|Any CPU
		{C6E76722-B1EA-470E-9AC7-D387F3396AB9}.Release|Any CPU.ActiveCfg = Release|Any CPU
		{C6E76722-B1EA-470E-9AC7-D387F3396AB9}.Release|Any CPU.Build.0 = Release|Any CPU
		{CE5436D7-B580-9463-CFD0-0C0F0B1AD3E6}.Debug|Any CPU.ActiveCfg = Debug|Any CPU
		{CE5436D7-B580-9463-CFD0-0C0F0B1AD3E6}.Debug|Any CPU.Build.0 = Debug|Any CPU
		{CE5436D7-B580-9463-CFD0-0C0F0B1AD3E6}.Release|Any CPU.ActiveCfg = Release|Any CPU
		{CE5436D7-B580-9463-CFD0-0C0F0B1AD3E6}.Release|Any CPU.Build.0 = Release|Any CPU
		{B1B66515-E1F7-8737-AE94-1B9DE76433DC}.Debug|Any CPU.ActiveCfg = Debug|Any CPU
		{B1B66515-E1F7-8737-AE94-1B9DE76433DC}.Debug|Any CPU.Build.0 = Debug|Any CPU
		{B1B66515-E1F7-8737-AE94-1B9DE76433DC}.Release|Any CPU.ActiveCfg = Release|Any CPU
		{B1B66515-E1F7-8737-AE94-1B9DE76433DC}.Release|Any CPU.Build.0 = Release|Any CPU
		{B4C46B21-4A2B-86D7-A2F9-069C3A8EBCC2}.Debug|Any CPU.ActiveCfg = Debug|Any CPU
		{B4C46B21-4A2B-86D7-A2F9-069C3A8EBCC2}.Debug|Any CPU.Build.0 = Debug|Any CPU
		{B4C46B21-4A2B-86D7-A2F9-069C3A8EBCC2}.Release|Any CPU.ActiveCfg = Release|Any CPU
		{B4C46B21-4A2B-86D7-A2F9-069C3A8EBCC2}.Release|Any CPU.Build.0 = Release|Any CPU
		{30C21594-4777-489C-B9BA-DB0A81E00C4D}.Debug|Any CPU.ActiveCfg = Debug|Any CPU
		{30C21594-4777-489C-B9BA-DB0A81E00C4D}.Debug|Any CPU.Build.0 = Debug|Any CPU
		{30C21594-4777-489C-B9BA-DB0A81E00C4D}.Release|Any CPU.ActiveCfg = Release|Any CPU
		{30C21594-4777-489C-B9BA-DB0A81E00C4D}.Release|Any CPU.Build.0 = Release|Any CPU
	EndGlobalSection
	GlobalSection(SolutionProperties) = preSolution
		HideSolutionNode = FALSE
	EndGlobalSection
	GlobalSection(ExtensibilityGlobals) = postSolution
		SolutionGuid = {B9A5A59A-BBFB-4381-9841-53191A4AF0DE}
	EndGlobalSection
EndGlobal
